# THIS IS AN AUTOGENERATED FILE. DO NOT EDIT THIS FILE DIRECTLY.
# yarn lockfile v1


"@types/aws-lambda@^8.10.3":
  version "8.10.3"
  resolved "https://registry.yarnpkg.com/@types/aws-lambda/-/aws-lambda-8.10.3.tgz#ced41eb465181d941f64cefef514b1ee9d0491e0"

"@types/node@^10.0.8":
  version "10.0.8"
  resolved "https://registry.yarnpkg.com/@types/node/-/node-10.0.8.tgz#37b4d91d4e958e4c2ba0be2b86e7ed4ff19b0858"

prettier@^1.12.1:
  version "1.12.1"
  resolved "https://registry.yarnpkg.com/prettier/-/prettier-1.12.1.tgz#c1ad20e803e7749faf905a409d2367e06bbe7325"

typescript@^2.8.3:
  version "2.8.3"
  resolved "https://registry.yarnpkg.com/typescript/-/typescript-2.8.3.tgz#5d817f9b6f31bb871835f4edf0089f21abe6c170"
